
Microsoft Visual Studio Solution File, Format Version 12.00
# Visual Studio Version 16
VisualStudioVersion = 16.0.29123.88
MinimumVisualStudioVersion = 10.0.40219.1
Project("{FAE04EC0-301F-11D3-BF4B-00C04F79EFBC}") = "A_1", "A_1\A_1.csproj", "{0D656435-48EB-400D-9533-1364056C15BF}"
EndProject
Global
	GlobalSection(SolutionConfigurationPlatforms) = preSolution
		Debug|Any CPU = Debug|Any CPU
		Release|Any CPU = Release|Any CPU
	EndGlobalSection
	GlobalSection(ProjectConfigurationPlatforms) = postSolution
		{0D656435-48EB-400D-9533-1364056C15BF}.Debug|Any CPU.ActiveCfg = Debug|Any CPU
		{0D656435-48EB-400D-9533-1364056C15BF}.Debug|Any CPU.Build.0 = Debug|Any CPU
		{0D656435-48EB-400D-9533-1364056C15BF}.Release|Any CPU.ActiveCfg = Release|Any CPU
		{0D656435-48EB-400D-9533-1364056C15BF}.Release|Any CPU.Build.0 = Release|Any CPU
	EndGlobalSection
	GlobalSection(SolutionProperties) = preSolution
		HideSolutionNode = FALSE
	EndGlobalSection
	GlobalSection(ExtensibilityGlobals) = postSolution
		SolutionGuid = {3157AEA1-F8CD-496F-8617-BC3A73816904}
	EndGlobalSection
EndGlobal
